
Microsoft Visual Studio Solution File, Format Version 12.00
# Visual Studio Version 16
VisualStudioVersion = 16.0.30114.105
MinimumVisualStudioVersion = 10.0.40219.1
Project("{FAE04EC0-301F-11D3-BF4B-00C04F79EFBC}") = "lab9", "lab9\lab9.csproj", "{DE66BB50-DFFE-46AA-B019-C1C0C8A0831A}"
EndProject
Global
	GlobalSection(SolutionConfigurationPlatforms) = preSolution
		Debug|Any CPU = Debug|Any CPU
		Release|Any CPU = Release|Any CPU
	EndGlobalSection
	GlobalSection(ProjectConfigurationPlatforms) = postSolution
		{DE66BB50-DFFE-46AA-B019-C1C0C8A0831A}.Debug|Any CPU.ActiveCfg = Debug|Any CPU
		{DE66BB50-DFFE-46AA-B019-C1C0C8A0831A}.Debug|Any CPU.Build.0 = Debug|Any CPU
		{DE66BB50-DFFE-46AA-B019-C1C0C8A0831A}.Release|Any CPU.ActiveCfg = Release|Any CPU
		{DE66BB50-DFFE-46AA-B019-C1C0C8A0831A}.Release|Any CPU.Build.0 = Release|Any CPU
	EndGlobalSection
	GlobalSection(SolutionProperties) = preSolution
		HideSolutionNode = FALSE
	EndGlobalSection
	GlobalSection(ExtensibilityGlobals) = postSolution
		SolutionGuid = {BFB2373E-8B37-482B-A34F-AF4306B83E04}
	EndGlobalSection
EndGlobal
