
Microsoft Visual Studio Solution File, Format Version 12.00
Project("{FAE04EC0-301F-11D3-BF4B-00C04F79EFBC}") = "Lab6", "Lab6\Lab6.csproj", "{368CDFB3-7431-47CC-8846-B9461360BF42}"
EndProject
Global
	GlobalSection(SolutionConfigurationPlatforms) = preSolution
		Debug|Any CPU = Debug|Any CPU
		Release|Any CPU = Release|Any CPU
	EndGlobalSection
	GlobalSection(ProjectConfigurationPlatforms) = postSolution
		{368CDFB3-7431-47CC-8846-B9461360BF42}.Debug|Any CPU.ActiveCfg = Debug|Any CPU
		{368CDFB3-7431-47CC-8846-B9461360BF42}.Debug|Any CPU.Build.0 = Debug|Any CPU
		{368CDFB3-7431-47CC-8846-B9461360BF42}.Release|Any CPU.ActiveCfg = Release|Any CPU
		{368CDFB3-7431-47CC-8846-B9461360BF42}.Release|Any CPU.Build.0 = Release|Any CPU
	EndGlobalSection
EndGlobal
